// !$*UTF8*$!
{
	archiveVersion = 1;
	classes = {
	};
	objectVersion = 56;
	objects = {

/* Begin PBXBuildFile section */
		13AE1D452852A4CE001F76C8 /* Metal.framework in Frameworks */ = {isa = PBXBuildFile; fileRef = 13AE1D442852A4CE001F76C8 /* Metal.framework */; };
		13AE1D472852A648001F76C8 /* Shaders.metal in Sources */ = {isa = PBXBuildFile; fileRef = 13AE1D462852A648001F76C8 /* Shaders.metal */; };
		13B9033E2852A0CA0072BE43 /* x_gameApp.swift in Sources */ = {isa = PBXBuildFile; fileRef = 13B9033D2852A0CA0072BE43 /* x_gameApp.swift */; };
		13B903402852A0CA0072BE43 /* ContentView.swift in Sources */ = {isa = PBXBuildFile; fileRef = 13B9033F2852A0CA0072BE43 /* ContentView.swift */; };
		13B903422852A0CB0072BE43 /* Assets.xcassets in Resources */ = {isa = PBXBuildFile; fileRef = 13B903412852A0CB0072BE43 /* Assets.xcassets */; };
		13B903452852A0CB0072BE43 /* Preview Assets.xcassets in Resources */ = {isa = PBXBuildFile; fileRef = 13B903442852A0CB0072BE43 /* Preview Assets.xcassets */; };
		13B9034D2852A2380072BE43 /* Renderer.swift in Sources */ = {isa = PBXBuildFile; fileRef = 13B9034C2852A2380072BE43 /* Renderer.swift */; };
/* End PBXBuildFile section */

/* Begin PBXFileReference section */
		13AE1D442852A4CE001F76C8 /* Metal.framework */ = {isa = PBXFileReference; lastKnownFileType = wrapper.framework; name = Metal.framework; path = System/Library/Frameworks/Metal.framework; sourceTree = SDKROOT; };
		13AE1D462852A648001F76C8 /* Shaders.metal */ = {isa = PBXFileReference; lastKnownFileType = sourcecode.metal; path = Shaders.metal; sourceTree = "<group>"; };
		13B9033A2852A0CA0072BE43 /* x-game.app */ = {isa = PBXFileReference; explicitFileType = wrapper.application; includeInIndex = 0; path = "x-game.app"; sourceTree = BUILT_PRODUCTS_DIR; };
		13B9033D2852A0CA0072BE43 /* x_gameApp.swift */ = {isa = PBXFileReference; lastKnownFileType = sourcecode.swift; path = x_gameApp.swift; sourceTree = "<group>"; };
		13B9033F2852A0CA0072BE43 /* ContentView.swift */ = {isa = PBXFileReference; lastKnownFileType = sourcecode.swift; path = ContentView.swift; sourceTree = "<group>"; };
		13B903412852A0CB0072BE43 /* Assets.xcassets */ = {isa = PBXFileReference; lastKnownFileType = folder.assetcatalog; path = Assets.xcassets; sourceTree = "<group>"; };
		13B903442852A0CB0072BE43 /* Preview Assets.xcassets */ = {isa = PBXFileReference; lastKnownFileType = folder.assetcatalog; path = "Preview Assets.xcassets"; sourceTree = "<group>"; };
		13B903462852A0CB0072BE43 /* x_game.entitlements */ = {isa = PBXFileReference; lastKnownFileType = text.plist.entitlements; path = x_game.entitlements; sourceTree = "<group>"; };
		13B9034C2852A2380072BE43 /* Renderer.swift */ = {isa = PBXFileReference; lastKnownFileType = sourcecode.swift; path = Renderer.swift; sourceTree = "<group>"; };
/* End PBXFileReference section */

/* Begin PBXFrameworksBuildPhase section */
		13B903372852A0CA0072BE43 /* Frameworks */ = {
			isa = PBXFrameworksBuildPhase;
			buildActionMask = 2147483647;
			files = (
				13AE1D452852A4CE001F76C8 /* Metal.framework in Frameworks */,
			);
			runOnlyForDeploymentPostprocessing = 0;
		};
/* End PBXFrameworksBuildPhase section */

/* Begin PBXGroup section */
		13AE1D432852A4CE001F76C8 /* Frameworks */ = {
			isa = PBXGroup;
			children = (
				13AE1D442852A4CE001F76C8 /* Metal.framework */,
			);
			name = Frameworks;
			sourceTree = "<group>";
		};
		13B903312852A0CA0072BE43 = {
			isa = PBXGroup;
			children = (
				13B9033C2852A0CA0072BE43 /* x-game */,
				13B9033B2852A0CA0072BE43 /* Products */,
				13AE1D432852A4CE001F76C8 /* Frameworks */,
			);
			sourceTree = "<group>";
		};
		13B9033B2852A0CA0072BE43 /* Products */ = {
			isa = PBXGroup;
			children = (
				13B9033A2852A0CA0072BE43 /* x-game.app */,
			);
			name = Products;
			sourceTree = "<group>";
		};
		13B9033C2852A0CA0072BE43 /* x-game */ = {
			isa = PBXGroup;
			children = (
				13B9033D2852A0CA0072BE43 /* x_gameApp.swift */,
				13B9033F2852A0CA0072BE43 /* ContentView.swift */,
				13B9034C2852A2380072BE43 /* Renderer.swift */,
				13B903412852A0CB0072BE43 /* Assets.xcassets */,
				13B903462852A0CB0072BE43 /* x_game.entitlements */,
				13B903432852A0CB0072BE43 /* Preview Content */,
				13AE1D462852A648001F76C8 /* Shaders.metal */,
			);
			path = "x-game";
			sourceTree = "<group>";
		};
		13B903432852A0CB0072BE43 /* Preview Content */ = {
			isa = PBXGroup;
			children = (
				13B903442852A0CB0072BE43 /* Preview Assets.xcassets */,
			);
			path = "Preview Content";
			sourceTree = "<group>";
		};
/* End PBXGroup section */

/* Begin PBXNativeTarget section */
		13B903392852A0CA0072BE43 /* x-game */ = {
			isa = PBXNativeTarget;
			buildConfigurationList = 13B903492852A0CB0072BE43 /* Build configuration list for PBXNativeTarget "x-game" */;
			buildPhases = (
				13B903362852A0CA0072BE43 /* Sources */,
				13B903372852A0CA0072BE43 /* Frameworks */,
				13B903382852A0CA0072BE43 /* Resources */,
			);
			buildRules = (
			);
			dependencies = (
			);
			name = "x-game";
			productName = "x-game";
			productReference = 13B9033A2852A0CA0072BE43 /* x-game.app */;
			productType = "com.apple.product-type.application";
		};
/* End PBXNativeTarget section */

/* Begin PBXProject section */
		13B903322852A0CA0072BE43 /* Project object */ = {
			isa = PBXProject;
			attributes = {
				BuildIndependentTargetsInParallel = 1;
				LastSwiftUpdateCheck = 1400;
				LastUpgradeCheck = 1400;
				TargetAttributes = {
					13B903392852A0CA0072BE43 = {
						CreatedOnToolsVersion = 14.0;
					};
				};
			};
			buildConfigurationList = 13B903352852A0CA0072BE43 /* Build configuration list for PBXProject "x-game" */;
			compatibilityVersion = "Xcode 14.0";
			developmentRegion = en;
			hasScannedForEncodings = 0;
			knownRegions = (
				en,
				Base,
			);
			mainGroup = 13B903312852A0CA0072BE43;
			productRefGroup = 13B9033B2852A0CA0072BE43 /* Products */;
			projectDirPath = "";
			projectRoot = "";
			targets = (
				13B903392852A0CA0072BE43 /* x-game */,
			);
		};
/* End PBXProject section */

/* Begin PBXResourcesBuildPhase section */
		13B903382852A0CA0072BE43 /* Resources */ = {
			isa = PBXResourcesBuildPhase;
			buildActionMask = 2147483647;
			files = (
				13B903452852A0CB0072BE43 /* Preview Assets.xcassets in Resources */,
				13B903422852A0CB0072BE43 /* Assets.xcassets in Resources */,
			);
			runOnlyForDeploymentPostprocessing = 0;
		};
/* End PBXResourcesBuildPhase section */

/* Begin PBXSourcesBuildPhase section */
		13B903362852A0CA0072BE43 /* Sources */ = {
			isa = PBXSourcesBuildPhase;
			buildActionMask = 2147483647;
			files = (
				13AE1D472852A648001F76C8 /* Shaders.metal in Sources */,
				13B903402852A0CA0072BE43 /* ContentView.swift in Sources */,
				13B9034D2852A2380072BE43 /* Renderer.swift in Sources */,
				13B9033E2852A0CA0072BE43 /* x_gameApp.swift in Sources */,
			);
			runOnlyForDeploymentPostprocessing = 0;
		};
/* End PBXSourcesBuildPhase section */

/* Begin XCBuildConfiguration section */
		13B903472852A0CB0072BE43 /* Debug */ = {
			isa = XCBuildConfiguration;
			buildSettings = {
				ALWAYS_SEARCH_USER_PATHS = NO;
				CLANG_ANALYZER_NONNULL = YES;
				CLANG_ANALYZER_NUMBER_OBJECT_CONVERSION = YES_AGGRESSIVE;
				CLANG_CXX_LANGUAGE_STANDARD = "gnu++17";
				CLANG_ENABLE_MODULES = YES;
				CLANG_ENABLE_OBJC_ARC = YES;
				CLANG_ENABLE_OBJC_WEAK = YES;
				CLANG_WARN_BLOCK_CAPTURE_AUTORELEASING = YES;
				CLANG_WARN_BOOL_CONVERSION = YES;
				CLANG_WARN_COMMA = YES;
				CLANG_WARN_CONSTANT_CONVERSION = YES;
				CLANG_WARN_DEPRECATED_OBJC_IMPLEMENTATIONS = YES;
				CLANG_WARN_DIRECT_OBJC_ISA_USAGE = YES_ERROR;
				CLANG_WARN_DOCUMENTATION_COMMENTS = YES;
				CLANG_WARN_EMPTY_BODY = YES;
				CLANG_WARN_ENUM_CONVERSION = YES;
				CLANG_WARN_INFINITE_RECURSION = YES;
				CLANG_WARN_INT_CONVERSION = YES;
				CLANG_WARN_NON_LITERAL_NULL_CONVERSION = YES;
				CLANG_WARN_OBJC_IMPLICIT_RETAIN_SELF = YES;
				CLANG_WARN_OBJC_LITERAL_CONVERSION = YES;
				CLANG_WARN_OBJC_ROOT_CLASS = YES_ERROR;
				CLANG_WARN_QUOTED_INCLUDE_IN_FRAMEWORK_HEADER = YES;
				CLANG_WARN_RANGE_LOOP_ANALYSIS = YES;
				CLANG_WARN_STRICT_PROTOTYPES = YES;
				CLANG_WARN_SUSPICIOUS_MOVE = YES;
				CLANG_WARN_UNGUARDED_AVAILABILITY = YES_AGGRESSIVE;
				CLANG_WARN_UNREACHABLE_CODE = YES;
				CLANG_WARN__DUPLICATE_METHOD_MATCH = YES;
				COPY_PHASE_STRIP = NO;
				DEBUG_INFORMATION_FORMAT = dwarf;
				ENABLE_STRICT_OBJC_MSGSEND = YES;
				ENABLE_TESTABILITY = YES;
				GCC_C_LANGUAGE_STANDARD = gnu11;
				GCC_DYNAMIC_NO_PIC = NO;
				GCC_NO_COMMON_BLOCKS = YES;
				GCC_OPTIMIZATION_LEVEL = 0;
				GCC_PREPROCESSOR_DEFINITIONS = (
					"DEBUG=1",
					"$(inherited)",
				);
				GCC_WARN_64_TO_32_BIT_CONVERSION = YES;
				GCC_WARN_ABOUT_RETURN_TYPE = YES_ERROR;
				GCC_WARN_UNDECLARED_SELECTOR = YES;
				GCC_WARN_UNINITIALIZED_AUTOS = YES_AGGRESSIVE;
				GCC_WARN_UNUSED_FUNCTION = YES;
				GCC_WARN_UNUSED_VARIABLE = YES;
				MACOSX_DEPLOYMENT_TARGET = 13.0;
				MTL_ENABLE_DEBUG_INFO = INCLUDE_SOURCE;
				MTL_FAST_MATH = YES;
				ONLY_ACTIVE_ARCH = YES;
				SDKROOT = macosx;
				SWIFT_ACTIVE_COMPILATION_CONDITIONS = DEBUG;
				SWIFT_OPTIMIZATION_LEVEL = "-Onone";
			};
			name = Debug;
		};
		13B903482852A0CB0072BE43 /* Release */ = {
			isa = XCBuildConfiguration;
			buildSettings = {
				ALWAYS_SEARCH_USER_PATHS = NO;
				CLANG_ANALYZER_NONNULL = YES;
				CLANG_ANALYZER_NUMBER_OBJECT_CONVERSION = YES_AGGRESSIVE;
				CLANG_CXX_LANGUAGE_STANDARD = "gnu++17";
				CLANG_ENABLE_MODULES = YES;
				CLANG_ENABLE_OBJC_ARC = YES;
				CLANG_ENABLE_OBJC_WEAK = YES;
				CLANG_WARN_BLOCK_CAPTURE_AUTORELEASING = YES;
				CLANG_WARN_BOOL_CONVERSION = YES;
				CLANG_WARN_COMMA = YES;
				CLANG_WARN_CONSTANT_CONVERSION = YES;
				CLANG_WARN_DEPRECATED_OBJC_IMPLEMENTATIONS = YES;
				CLANG_WARN_DIRECT_OBJC_ISA_USAGE = YES_ERROR;
				CLANG_WARN_DOCUMENTATION_COMMENTS = YES;
				CLANG_WARN_EMPTY_BODY = YES;
				CLANG_WARN_ENUM_CONVERSION = YES;
				CLANG_WARN_INFINITE_RECURSION = YES;
				CLANG_WARN_INT_CONVERSION = YES;
				CLANG_WARN_NON_LITERAL_NULL_CONVERSION = YES;
				CLANG_WARN_OBJC_IMPLICIT_RETAIN_SELF = YES;
				CLANG_WARN_OBJC_LITERAL_CONVERSION = YES;
				CLANG_WARN_OBJC_ROOT_CLASS = YES_ERROR;
				CLANG_WARN_QUOTED_INCLUDE_IN_FRAMEWORK_HEADER = YES;
				CLANG_WARN_RANGE_LOOP_ANALYSIS = YES;
				CLANG_WARN_STRICT_PROTOTYPES = YES;
				CLANG_WARN_SUSPICIOUS_MOVE = YES;
				CLANG_WARN_UNGUARDED_AVAILABILITY = YES_AGGRESSIVE;
				CLANG_WARN_UNREACHABLE_CODE = YES;
				CLANG_WARN__DUPLICATE_METHOD_MATCH = YES;
				COPY_PHASE_STRIP = NO;
				DEBUG_INFORMATION_FORMAT = "dwarf-with-dsym";
				ENABLE_NS_ASSERTIONS = NO;
				ENABLE_STRICT_OBJC_MSGSEND = YES;
				GCC_C_LANGUAGE_STANDARD = gnu11;
				GCC_NO_COMMON_BLOCKS = YES;
				GCC_WARN_64_TO_32_BIT_CONVERSION = YES;
				GCC_WARN_ABOUT_RETURN_TYPE = YES_ERROR;
				GCC_WARN_UNDECLARED_SELECTOR = YES;
				GCC_WARN_UNINITIALIZED_AUTOS = YES_AGGRESSIVE;
				GCC_WARN_UNUSED_FUNCTION = YES;
				GCC_WARN_UNUSED_VARIABLE = YES;
				MACOSX_DEPLOYMENT_TARGET = 13.0;
				MTL_ENABLE_DEBUG_INFO = NO;
				MTL_FAST_MATH = YES;
				SDKROOT = macosx;
				SWIFT_COMPILATION_MODE = wholemodule;
				SWIFT_OPTIMIZATION_LEVEL = "-O";
			};
			name = Release;
		};
		13B9034A2852A0CB0072BE43 /* Debug */ = {
			isa = XCBuildConfiguration;
			buildSettings = {
				ASSETCATALOG_COMPILER_APPICON_NAME = AppIcon;
				ASSETCATALOG_COMPILER_GLOBAL_ACCENT_COLOR_NAME = AccentColor;
				CODE_SIGN_ENTITLEMENTS = "x-game/x_game.entitlements";
				CODE_SIGN_STYLE = Automatic;
				COMBINE_HIDPI_IMAGES = YES;
				CURRENT_PROJECT_VERSION = 1;
				DEVELOPMENT_ASSET_PATHS = "\"x-game/Preview Content\"";
				DEVELOPMENT_TEAM = YQ897Q9BGN;
				ENABLE_HARDENED_RUNTIME = YES;
				ENABLE_PREVIEWS = YES;
				GENERATE_INFOPLIST_FILE = YES;
				INFOPLIST_KEY_NSHumanReadableCopyright = "";
				LD_RUNPATH_SEARCH_PATHS = (
					"$(inherited)",
					"@executable_path/../Frameworks",
				);
				MARKETING_VERSION = 1.0;
				PRODUCT_BUNDLE_IDENTIFIER = "pwong.x-game";
				PRODUCT_NAME = "$(TARGET_NAME)";
				SWIFT_EMIT_LOC_STRINGS = YES;
				SWIFT_VERSION = 5.0;
			};
			name = Debug;
		};
		13B9034B2852A0CB0072BE43 /* Release */ = {
			isa = XCBuildConfiguration;
			buildSettings = {
				ASSETCATALOG_COMPILER_APPICON_NAME = AppIcon;
				ASSETCATALOG_COMPILER_GLOBAL_ACCENT_COLOR_NAME = AccentColor;
				CODE_SIGN_ENTITLEMENTS = "x-game/x_game.entitlements";
				CODE_SIGN_STYLE = Automatic;
				COMBINE_HIDPI_IMAGES = YES;
				CURRENT_PROJECT_VERSION = 1;
				DEVELOPMENT_ASSET_PATHS = "\"x-game/Preview Content\"";
				DEVELOPMENT_TEAM = YQ897Q9BGN;
				ENABLE_HARDENED_RUNTIME = YES;
				ENABLE_PREVIEWS = YES;
				GENERATE_INFOPLIST_FILE = YES;
				INFOPLIST_KEY_NSHumanReadableCopyright = "";
				LD_RUNPATH_SEARCH_PATHS = (
					"$(inherited)",
					"@executable_path/../Frameworks",
				);
				MARKETING_VERSION = 1.0;
				PRODUCT_BUNDLE_IDENTIFIER = "pwong.x-game";
				PRODUCT_NAME = "$(TARGET_NAME)";
				SWIFT_EMIT_LOC_STRINGS = YES;
				SWIFT_VERSION = 5.0;
			};
			name = Release;
		};
/* End XCBuildConfiguration section */

/* Begin XCConfigurationList section */
		13B903352852A0CA0072BE43 /* Build configuration list for PBXProject "x-game" */ = {
			isa = XCConfigurationList;
			buildConfigurations = (
				13B903472852A0CB0072BE43 /* Debug */,
				13B903482852A0CB0072BE43 /* Release */,
			);
			defaultConfigurationIsVisible = 0;
			defaultConfigurationName = Release;
		};
		13B903492852A0CB0072BE43 /* Build configuration list for PBXNativeTarget "x-game" */ = {
			isa = XCConfigurationList;
			buildConfigurations = (
				13B9034A2852A0CB0072BE43 /* Debug */,
				13B9034B2852A0CB0072BE43 /* Release */,
			);
			defaultConfigurationIsVisible = 0;
			defaultConfigurationName = Release;
		};
/* End XCConfigurationList section */
	};
	rootObject = 13B903322852A0CA0072BE43 /* Project object */;
}
